
Microsoft Visual Studio Solution File, Format Version 12.00
# Visual Studio Version 17
VisualStudioVersion = 17.2.32505.173
MinimumVisualStudioVersion = 10.0.40219.1
Project("{FAE04EC0-301F-11D3-BF4B-00C04F79EFBC}") = "보강2일차", "보강2일차.csproj", "{AC55BA7E-DD94-4B1F-9535-0C37C2EC5935}"
EndProject
Global
	GlobalSection(SolutionConfigurationPlatforms) = preSolution
		Debug|Any CPU = Debug|Any CPU
		Release|Any CPU = Release|Any CPU
	EndGlobalSection
	GlobalSection(ProjectConfigurationPlatforms) = postSolution
		{AC55BA7E-DD94-4B1F-9535-0C37C2EC5935}.Debug|Any CPU.ActiveCfg = Debug|Any CPU
		{AC55BA7E-DD94-4B1F-9535-0C37C2EC5935}.Debug|Any CPU.Build.0 = Debug|Any CPU
		{AC55BA7E-DD94-4B1F-9535-0C37C2EC5935}.Release|Any CPU.ActiveCfg = Release|Any CPU
		{AC55BA7E-DD94-4B1F-9535-0C37C2EC5935}.Release|Any CPU.Build.0 = Release|Any CPU
	EndGlobalSection
	GlobalSection(SolutionProperties) = preSolution
		HideSolutionNode = FALSE
	EndGlobalSection
	GlobalSection(ExtensibilityGlobals) = postSolution
		SolutionGuid = {D288EC80-7B22-4731-B51A-DEDAC2AE5874}
	EndGlobalSection
EndGlobal
