
Microsoft Visual Studio Solution File, Format Version 12.00
# Visual Studio Version 17
VisualStudioVersion = 17.2.32505.173
MinimumVisualStudioVersion = 10.0.40219.1
Project("{FAE04EC0-301F-11D3-BF4B-00C04F79EFBC}") = "WhatIsOperator", "WhatIsOperator.csproj", "{9E80BEBA-0847-4C31-A51E-39D0E621C53D}"
EndProject
Global
	GlobalSection(SolutionConfigurationPlatforms) = preSolution
		Debug|Any CPU = Debug|Any CPU
		Release|Any CPU = Release|Any CPU
	EndGlobalSection
	GlobalSection(ProjectConfigurationPlatforms) = postSolution
		{9E80BEBA-0847-4C31-A51E-39D0E621C53D}.Debug|Any CPU.ActiveCfg = Debug|Any CPU
		{9E80BEBA-0847-4C31-A51E-39D0E621C53D}.Debug|Any CPU.Build.0 = Debug|Any CPU
		{9E80BEBA-0847-4C31-A51E-39D0E621C53D}.Release|Any CPU.ActiveCfg = Release|Any CPU
		{9E80BEBA-0847-4C31-A51E-39D0E621C53D}.Release|Any CPU.Build.0 = Release|Any CPU
	EndGlobalSection
	GlobalSection(SolutionProperties) = preSolution
		HideSolutionNode = FALSE
	EndGlobalSection
	GlobalSection(ExtensibilityGlobals) = postSolution
		SolutionGuid = {EF767907-8369-414B-9F32-701E10118E1F}
	EndGlobalSection
EndGlobal
